
Microsoft Visual Studio Solution File, Format Version 12.00
# Visual Studio Version 16
VisualStudioVersion = 16.0.31402.337
MinimumVisualStudioVersion = 10.0.40219.1
Project("{FAE04EC0-301F-11D3-BF4B-00C04F79EFBC}") = "SmartSchool.API", "SmartSchool.API\SmartSchool.API.csproj", "{2B754500-C068-4282-A6DB-F1CBB869C060}"
EndProject
Global
	GlobalSection(SolutionConfigurationPlatforms) = preSolution
		Debug|Any CPU = Debug|Any CPU
		Release|Any CPU = Release|Any CPU
	EndGlobalSection
	GlobalSection(ProjectConfigurationPlatforms) = postSolution
		{2B754500-C068-4282-A6DB-F1CBB869C060}.Debug|Any CPU.ActiveCfg = Debug|Any CPU
		{2B754500-C068-4282-A6DB-F1CBB869C060}.Debug|Any CPU.Build.0 = Debug|Any CPU
		{2B754500-C068-4282-A6DB-F1CBB869C060}.Release|Any CPU.ActiveCfg = Release|Any CPU
		{2B754500-C068-4282-A6DB-F1CBB869C060}.Release|Any CPU.Build.0 = Release|Any CPU
	EndGlobalSection
	GlobalSection(SolutionProperties) = preSolution
		HideSolutionNode = FALSE
	EndGlobalSection
	GlobalSection(ExtensibilityGlobals) = postSolution
		SolutionGuid = {ADCC30A9-F300-42A9-B50E-FDB7773F3676}
	EndGlobalSection
EndGlobal
